
Microsoft Visual Studio Solution File, Format Version 12.00
# Visual Studio 2012
Project("{2150E333-8FDC-42A3-9474-1A3956D46DE8}") = "Test Projects", "Test Projects", "{5FCDCDCA-09B7-4787-BF81-137E7A188B1D}"
EndProject
Project("{2150E333-8FDC-42A3-9474-1A3956D46DE8}") = "Solution Items", "Solution Items", "{8C488C7E-C1A3-4FD6-96FF-D2517804A514}"
	ProjectSection(SolutionItems) = preProject
		Cocktail.vsmdi = Cocktail.vsmdi
		Local.testsettings = Local.testsettings
		TraceAndTestImpact.testsettings = TraceAndTestImpact.testsettings
	EndProjectSection
EndProject
Project("{FAE04EC0-301F-11D3-BF4B-00C04F79EFBC}") = "Cocktail.Utils", "Cocktail.Utils\Cocktail.Utils.csproj", "{261E777A-1FE0-455E-87FD-DDB95B2757AA}"
EndProject
Project("{FAE04EC0-301F-11D3-BF4B-00C04F79EFBC}") = "Cocktail", "Cocktail\Cocktail.csproj", "{10F63FBB-FB0D-4B76-9E3F-5979D19CB01F}"
EndProject
Project("{FAE04EC0-301F-11D3-BF4B-00C04F79EFBC}") = "Test.Model", "Test Projects\Test.Model\Test.Model.csproj", "{12BEA1AF-5380-4024-BEDD-C914B0C15178}"
EndProject
Project("{FAE04EC0-301F-11D3-BF4B-00C04F79EFBC}") = "Cocktail.Tests", "Test Projects\Cocktail.Tests\Cocktail.Tests.csproj", "{7E2FF932-5278-4092-8CAA-1EE7EC22A405}"
EndProject
Project("{FAE04EC0-301F-11D3-BF4B-00C04F79EFBC}") = "Cocktail.SL", "Cocktail\Cocktail.SL.csproj", "{65FCE695-2E91-4245-86D6-3FB3486AEFAD}"
EndProject
Project("{FAE04EC0-301F-11D3-BF4B-00C04F79EFBC}") = "Cocktail.Utils.SL", "Cocktail.Utils\Cocktail.Utils.SL.csproj", "{39915105-64A5-493F-B91B-838D5CEEE9F2}"
EndProject
Project("{2150E333-8FDC-42A3-9474-1A3956D46DE8}") = ".nuget", ".nuget", "{73AB0673-460E-4133-923C-5FBB3D7C4009}"
	ProjectSection(SolutionItems) = preProject
		.nuget\NuGet.Config = .nuget\NuGet.Config
		.nuget\nuget.exe = .nuget\nuget.exe
		.nuget\NuGet.targets = .nuget\NuGet.targets
	EndProjectSection
EndProject
Project("{FAE04EC0-301F-11D3-BF4B-00C04F79EFBC}") = "Cocktail.WinRT", "Cocktail\Cocktail.WinRT.csproj", "{4B283109-31D0-4C29-9420-6FCDF703513E}"
EndProject
Project("{FAE04EC0-301F-11D3-BF4B-00C04F79EFBC}") = "Cocktail.Tests.WinRT", "Test Projects\Cocktail.Tests\Cocktail.Tests.WinRT.csproj", "{7FC50DD1-60C1-43FC-BACC-FA79B296341C}"
EndProject
Global
	GlobalSection(TestCaseManagementSettings) = postSolution
		CategoryFile = Cocktail.vsmdi
	EndGlobalSection
	GlobalSection(SolutionConfigurationPlatforms) = preSolution
		Debug|Any CPU = Debug|Any CPU
		Debug|ARM = Debug|ARM
		Debug|Mixed Platforms = Debug|Mixed Platforms
		Debug|x64 = Debug|x64
		Debug|x86 = Debug|x86
		Release|Any CPU = Release|Any CPU
		Release|ARM = Release|ARM
		Release|Mixed Platforms = Release|Mixed Platforms
		Release|x64 = Release|x64
		Release|x86 = Release|x86
	EndGlobalSection
	GlobalSection(ProjectConfigurationPlatforms) = postSolution
		{261E777A-1FE0-455E-87FD-DDB95B2757AA}.Debug|Any CPU.ActiveCfg = Debug|Any CPU
		{261E777A-1FE0-455E-87FD-DDB95B2757AA}.Debug|Any CPU.Build.0 = Debug|Any CPU
		{261E777A-1FE0-455E-87FD-DDB95B2757AA}.Debug|ARM.ActiveCfg = Debug|Any CPU
		{261E777A-1FE0-455E-87FD-DDB95B2757AA}.Debug|Mixed Platforms.ActiveCfg = Debug|Any CPU
		{261E777A-1FE0-455E-87FD-DDB95B2757AA}.Debug|Mixed Platforms.Build.0 = Debug|Any CPU
		{261E777A-1FE0-455E-87FD-DDB95B2757AA}.Debug|x64.ActiveCfg = Debug|Any CPU
		{261E777A-1FE0-455E-87FD-DDB95B2757AA}.Debug|x86.ActiveCfg = Debug|Any CPU
		{261E777A-1FE0-455E-87FD-DDB95B2757AA}.Release|Any CPU.ActiveCfg = Release|Any CPU
		{261E777A-1FE0-455E-87FD-DDB95B2757AA}.Release|Any CPU.Build.0 = Release|Any CPU
		{261E777A-1FE0-455E-87FD-DDB95B2757AA}.Release|ARM.ActiveCfg = Release|Any CPU
		{261E777A-1FE0-455E-87FD-DDB95B2757AA}.Release|Mixed Platforms.ActiveCfg = Release|Any CPU
		{261E777A-1FE0-455E-87FD-DDB95B2757AA}.Release|Mixed Platforms.Build.0 = Release|Any CPU
		{261E777A-1FE0-455E-87FD-DDB95B2757AA}.Release|x64.ActiveCfg = Release|Any CPU
		{261E777A-1FE0-455E-87FD-DDB95B2757AA}.Release|x86.ActiveCfg = Release|Any CPU
		{10F63FBB-FB0D-4B76-9E3F-5979D19CB01F}.Debug|Any CPU.ActiveCfg = Debug|Any CPU
		{10F63FBB-FB0D-4B76-9E3F-5979D19CB01F}.Debug|Any CPU.Build.0 = Debug|Any CPU
		{10F63FBB-FB0D-4B76-9E3F-5979D19CB01F}.Debug|ARM.ActiveCfg = Debug|Any CPU
		{10F63FBB-FB0D-4B76-9E3F-5979D19CB01F}.Debug|Mixed Platforms.ActiveCfg = Debug|Any CPU
		{10F63FBB-FB0D-4B76-9E3F-5979D19CB01F}.Debug|Mixed Platforms.Build.0 = Debug|Any CPU
		{10F63FBB-FB0D-4B76-9E3F-5979D19CB01F}.Debug|x64.ActiveCfg = Debug|Any CPU
		{10F63FBB-FB0D-4B76-9E3F-5979D19CB01F}.Debug|x86.ActiveCfg = Debug|Any CPU
		{10F63FBB-FB0D-4B76-9E3F-5979D19CB01F}.Release|Any CPU.ActiveCfg = Release|Any CPU
		{10F63FBB-FB0D-4B76-9E3F-5979D19CB01F}.Release|Any CPU.Build.0 = Release|Any CPU
		{10F63FBB-FB0D-4B76-9E3F-5979D19CB01F}.Release|ARM.ActiveCfg = Release|Any CPU
		{10F63FBB-FB0D-4B76-9E3F-5979D19CB01F}.Release|Mixed Platforms.ActiveCfg = Release|Any CPU
		{10F63FBB-FB0D-4B76-9E3F-5979D19CB01F}.Release|Mixed Platforms.Build.0 = Release|Any CPU
		{10F63FBB-FB0D-4B76-9E3F-5979D19CB01F}.Release|x64.ActiveCfg = Release|Any CPU
		{10F63FBB-FB0D-4B76-9E3F-5979D19CB01F}.Release|x86.ActiveCfg = Release|Any CPU
		{12BEA1AF-5380-4024-BEDD-C914B0C15178}.Debug|Any CPU.ActiveCfg = Debug|Any CPU
		{12BEA1AF-5380-4024-BEDD-C914B0C15178}.Debug|Any CPU.Build.0 = Debug|Any CPU
		{12BEA1AF-5380-4024-BEDD-C914B0C15178}.Debug|ARM.ActiveCfg = Debug|Any CPU
		{12BEA1AF-5380-4024-BEDD-C914B0C15178}.Debug|Mixed Platforms.ActiveCfg = Debug|Any CPU
		{12BEA1AF-5380-4024-BEDD-C914B0C15178}.Debug|Mixed Platforms.Build.0 = Debug|Any CPU
		{12BEA1AF-5380-4024-BEDD-C914B0C15178}.Debug|x64.ActiveCfg = Debug|Any CPU
		{12BEA1AF-5380-4024-BEDD-C914B0C15178}.Debug|x86.ActiveCfg = Debug|Any CPU
		{12BEA1AF-5380-4024-BEDD-C914B0C15178}.Release|Any CPU.ActiveCfg = Release|Any CPU
		{12BEA1AF-5380-4024-BEDD-C914B0C15178}.Release|Any CPU.Build.0 = Release|Any CPU
		{12BEA1AF-5380-4024-BEDD-C914B0C15178}.Release|ARM.ActiveCfg = Release|Any CPU
		{12BEA1AF-5380-4024-BEDD-C914B0C15178}.Release|Mixed Platforms.ActiveCfg = Release|Any CPU
		{12BEA1AF-5380-4024-BEDD-C914B0C15178}.Release|Mixed Platforms.Build.0 = Release|Any CPU
		{12BEA1AF-5380-4024-BEDD-C914B0C15178}.Release|x64.ActiveCfg = Release|Any CPU
		{12BEA1AF-5380-4024-BEDD-C914B0C15178}.Release|x86.ActiveCfg = Release|Any CPU
		{7E2FF932-5278-4092-8CAA-1EE7EC22A405}.Debug|Any CPU.ActiveCfg = Debug|Any CPU
		{7E2FF932-5278-4092-8CAA-1EE7EC22A405}.Debug|Any CPU.Build.0 = Debug|Any CPU
		{7E2FF932-5278-4092-8CAA-1EE7EC22A405}.Debug|ARM.ActiveCfg = Debug|Any CPU
		{7E2FF932-5278-4092-8CAA-1EE7EC22A405}.Debug|Mixed Platforms.ActiveCfg = Debug|Any CPU
		{7E2FF932-5278-4092-8CAA-1EE7EC22A405}.Debug|Mixed Platforms.Build.0 = Debug|Any CPU
		{7E2FF932-5278-4092-8CAA-1EE7EC22A405}.Debug|x64.ActiveCfg = Debug|Any CPU
		{7E2FF932-5278-4092-8CAA-1EE7EC22A405}.Debug|x86.ActiveCfg = Debug|Any CPU
		{7E2FF932-5278-4092-8CAA-1EE7EC22A405}.Release|Any CPU.ActiveCfg = Release|Any CPU
		{7E2FF932-5278-4092-8CAA-1EE7EC22A405}.Release|Any CPU.Build.0 = Release|Any CPU
		{7E2FF932-5278-4092-8CAA-1EE7EC22A405}.Release|ARM.ActiveCfg = Release|Any CPU
		{7E2FF932-5278-4092-8CAA-1EE7EC22A405}.Release|Mixed Platforms.ActiveCfg = Release|Any CPU
		{7E2FF932-5278-4092-8CAA-1EE7EC22A405}.Release|Mixed Platforms.Build.0 = Release|Any CPU
		{7E2FF932-5278-4092-8CAA-1EE7EC22A405}.Release|x64.ActiveCfg = Release|Any CPU
		{7E2FF932-5278-4092-8CAA-1EE7EC22A405}.Release|x86.ActiveCfg = Release|Any CPU
		{65FCE695-2E91-4245-86D6-3FB3486AEFAD}.Debug|Any CPU.ActiveCfg = Debug|Any CPU
		{65FCE695-2E91-4245-86D6-3FB3486AEFAD}.Debug|Any CPU.Build.0 = Debug|Any CPU
		{65FCE695-2E91-4245-86D6-3FB3486AEFAD}.Debug|ARM.ActiveCfg = Debug|Any CPU
		{65FCE695-2E91-4245-86D6-3FB3486AEFAD}.Debug|Mixed Platforms.ActiveCfg = Debug|Any CPU
		{65FCE695-2E91-4245-86D6-3FB3486AEFAD}.Debug|Mixed Platforms.Build.0 = Debug|Any CPU
		{65FCE695-2E91-4245-86D6-3FB3486AEFAD}.Debug|x64.ActiveCfg = Debug|Any CPU
		{65FCE695-2E91-4245-86D6-3FB3486AEFAD}.Debug|x86.ActiveCfg = Debug|Any CPU
		{65FCE695-2E91-4245-86D6-3FB3486AEFAD}.Release|Any CPU.ActiveCfg = Release|Any CPU
		{65FCE695-2E91-4245-86D6-3FB3486AEFAD}.Release|Any CPU.Build.0 = Release|Any CPU
		{65FCE695-2E91-4245-86D6-3FB3486AEFAD}.Release|ARM.ActiveCfg = Release|Any CPU
		{65FCE695-2E91-4245-86D6-3FB3486AEFAD}.Release|Mixed Platforms.ActiveCfg = Release|Any CPU
		{65FCE695-2E91-4245-86D6-3FB3486AEFAD}.Release|Mixed Platforms.Build.0 = Release|Any CPU
		{65FCE695-2E91-4245-86D6-3FB3486AEFAD}.Release|x64.ActiveCfg = Release|Any CPU
		{65FCE695-2E91-4245-86D6-3FB3486AEFAD}.Release|x86.ActiveCfg = Release|Any CPU
		{39915105-64A5-493F-B91B-838D5CEEE9F2}.Debug|Any CPU.ActiveCfg = Debug|Any CPU
		{39915105-64A5-493F-B91B-838D5CEEE9F2}.Debug|Any CPU.Build.0 = Debug|Any CPU
		{39915105-64A5-493F-B91B-838D5CEEE9F2}.Debug|ARM.ActiveCfg = Debug|Any CPU
		{39915105-64A5-493F-B91B-838D5CEEE9F2}.Debug|Mixed Platforms.ActiveCfg = Debug|Any CPU
		{39915105-64A5-493F-B91B-838D5CEEE9F2}.Debug|Mixed Platforms.Build.0 = Debug|Any CPU
		{39915105-64A5-493F-B91B-838D5CEEE9F2}.Debug|x64.ActiveCfg = Debug|Any CPU
		{39915105-64A5-493F-B91B-838D5CEEE9F2}.Debug|x86.ActiveCfg = Debug|Any CPU
		{39915105-64A5-493F-B91B-838D5CEEE9F2}.Release|Any CPU.ActiveCfg = Release|Any CPU
		{39915105-64A5-493F-B91B-838D5CEEE9F2}.Release|Any CPU.Build.0 = Release|Any CPU
		{39915105-64A5-493F-B91B-838D5CEEE9F2}.Release|ARM.ActiveCfg = Release|Any CPU
		{39915105-64A5-493F-B91B-838D5CEEE9F2}.Release|Mixed Platforms.ActiveCfg = Release|Any CPU
		{39915105-64A5-493F-B91B-838D5CEEE9F2}.Release|Mixed Platforms.Build.0 = Release|Any CPU
		{39915105-64A5-493F-B91B-838D5CEEE9F2}.Release|x64.ActiveCfg = Release|Any CPU
		{39915105-64A5-493F-B91B-838D5CEEE9F2}.Release|x86.ActiveCfg = Release|Any CPU
		{4B283109-31D0-4C29-9420-6FCDF703513E}.Debug|Any CPU.ActiveCfg = Debug|Any CPU
		{4B283109-31D0-4C29-9420-6FCDF703513E}.Debug|Any CPU.Build.0 = Debug|Any CPU
		{4B283109-31D0-4C29-9420-6FCDF703513E}.Debug|ARM.ActiveCfg = Debug|ARM
		{4B283109-31D0-4C29-9420-6FCDF703513E}.Debug|ARM.Build.0 = Debug|ARM
		{4B283109-31D0-4C29-9420-6FCDF703513E}.Debug|Mixed Platforms.ActiveCfg = Debug|Any CPU
		{4B283109-31D0-4C29-9420-6FCDF703513E}.Debug|Mixed Platforms.Build.0 = Debug|Any CPU
		{4B283109-31D0-4C29-9420-6FCDF703513E}.Debug|x64.ActiveCfg = Debug|x64
		{4B283109-31D0-4C29-9420-6FCDF703513E}.Debug|x64.Build.0 = Debug|x64
		{4B283109-31D0-4C29-9420-6FCDF703513E}.Debug|x86.ActiveCfg = Debug|x86
		{4B283109-31D0-4C29-9420-6FCDF703513E}.Debug|x86.Build.0 = Debug|x86
		{4B283109-31D0-4C29-9420-6FCDF703513E}.Release|Any CPU.ActiveCfg = Release|Any CPU
		{4B283109-31D0-4C29-9420-6FCDF703513E}.Release|Any CPU.Build.0 = Release|Any CPU
		{4B283109-31D0-4C29-9420-6FCDF703513E}.Release|ARM.ActiveCfg = Release|ARM
		{4B283109-31D0-4C29-9420-6FCDF703513E}.Release|ARM.Build.0 = Release|ARM
		{4B283109-31D0-4C29-9420-6FCDF703513E}.Release|Mixed Platforms.ActiveCfg = Release|Any CPU
		{4B283109-31D0-4C29-9420-6FCDF703513E}.Release|Mixed Platforms.Build.0 = Release|Any CPU
		{4B283109-31D0-4C29-9420-6FCDF703513E}.Release|x64.ActiveCfg = Release|x64
		{4B283109-31D0-4C29-9420-6FCDF703513E}.Release|x64.Build.0 = Release|x64
		{4B283109-31D0-4C29-9420-6FCDF703513E}.Release|x86.ActiveCfg = Release|x86
		{4B283109-31D0-4C29-9420-6FCDF703513E}.Release|x86.Build.0 = Release|x86
		{7FC50DD1-60C1-43FC-BACC-FA79B296341C}.Debug|Any CPU.ActiveCfg = Debug|Any CPU
		{7FC50DD1-60C1-43FC-BACC-FA79B296341C}.Debug|Any CPU.Build.0 = Debug|Any CPU
		{7FC50DD1-60C1-43FC-BACC-FA79B296341C}.Debug|Any CPU.Deploy.0 = Debug|Any CPU
		{7FC50DD1-60C1-43FC-BACC-FA79B296341C}.Debug|ARM.ActiveCfg = Debug|ARM
		{7FC50DD1-60C1-43FC-BACC-FA79B296341C}.Debug|ARM.Build.0 = Debug|ARM
		{7FC50DD1-60C1-43FC-BACC-FA79B296341C}.Debug|ARM.Deploy.0 = Debug|ARM
		{7FC50DD1-60C1-43FC-BACC-FA79B296341C}.Debug|Mixed Platforms.ActiveCfg = Debug|x86
		{7FC50DD1-60C1-43FC-BACC-FA79B296341C}.Debug|Mixed Platforms.Build.0 = Debug|x86
		{7FC50DD1-60C1-43FC-BACC-FA79B296341C}.Debug|Mixed Platforms.Deploy.0 = Debug|x86
		{7FC50DD1-60C1-43FC-BACC-FA79B296341C}.Debug|x64.ActiveCfg = Debug|x64
		{7FC50DD1-60C1-43FC-BACC-FA79B296341C}.Debug|x64.Build.0 = Debug|x64
		{7FC50DD1-60C1-43FC-BACC-FA79B296341C}.Debug|x64.Deploy.0 = Debug|x64
		{7FC50DD1-60C1-43FC-BACC-FA79B296341C}.Debug|x86.ActiveCfg = Debug|x86
		{7FC50DD1-60C1-43FC-BACC-FA79B296341C}.Debug|x86.Build.0 = Debug|x86
		{7FC50DD1-60C1-43FC-BACC-FA79B296341C}.Debug|x86.Deploy.0 = Debug|x86
		{7FC50DD1-60C1-43FC-BACC-FA79B296341C}.Release|Any CPU.ActiveCfg = Release|Any CPU
		{7FC50DD1-60C1-43FC-BACC-FA79B296341C}.Release|Any CPU.Build.0 = Release|Any CPU
		{7FC50DD1-60C1-43FC-BACC-FA79B296341C}.Release|Any CPU.Deploy.0 = Release|Any CPU
		{7FC50DD1-60C1-43FC-BACC-FA79B296341C}.Release|ARM.ActiveCfg = Release|ARM
		{7FC50DD1-60C1-43FC-BACC-FA79B296341C}.Release|ARM.Build.0 = Release|ARM
		{7FC50DD1-60C1-43FC-BACC-FA79B296341C}.Release|ARM.Deploy.0 = Release|ARM
		{7FC50DD1-60C1-43FC-BACC-FA79B296341C}.Release|Mixed Platforms.ActiveCfg = Release|x86
		{7FC50DD1-60C1-43FC-BACC-FA79B296341C}.Release|Mixed Platforms.Build.0 = Release|x86
		{7FC50DD1-60C1-43FC-BACC-FA79B296341C}.Release|Mixed Platforms.Deploy.0 = Release|x86
		{7FC50DD1-60C1-43FC-BACC-FA79B296341C}.Release|x64.ActiveCfg = Release|x64
		{7FC50DD1-60C1-43FC-BACC-FA79B296341C}.Release|x64.Build.0 = Release|x64
		{7FC50DD1-60C1-43FC-BACC-FA79B296341C}.Release|x64.Deploy.0 = Release|x64
		{7FC50DD1-60C1-43FC-BACC-FA79B296341C}.Release|x86.ActiveCfg = Release|x86
		{7FC50DD1-60C1-43FC-BACC-FA79B296341C}.Release|x86.Build.0 = Release|x86
		{7FC50DD1-60C1-43FC-BACC-FA79B296341C}.Release|x86.Deploy.0 = Release|x86
	EndGlobalSection
	GlobalSection(SolutionProperties) = preSolution
		HideSolutionNode = FALSE
	EndGlobalSection
	GlobalSection(NestedProjects) = preSolution
		{8C488C7E-C1A3-4FD6-96FF-D2517804A514} = {5FCDCDCA-09B7-4787-BF81-137E7A188B1D}
		{12BEA1AF-5380-4024-BEDD-C914B0C15178} = {5FCDCDCA-09B7-4787-BF81-137E7A188B1D}
		{7E2FF932-5278-4092-8CAA-1EE7EC22A405} = {5FCDCDCA-09B7-4787-BF81-137E7A188B1D}
		{7FC50DD1-60C1-43FC-BACC-FA79B296341C} = {5FCDCDCA-09B7-4787-BF81-137E7A188B1D}
	EndGlobalSection
EndGlobal
