
Microsoft Visual Studio Solution File, Format Version 12.00
# Visual Studio 2012
Project("{2150E333-8FDC-42A3-9474-1A3956D46DE8}") = "Test Projects", "Test Projects", "{5FCDCDCA-09B7-4787-BF81-137E7A188B1D}"
EndProject
Project("{2150E333-8FDC-42A3-9474-1A3956D46DE8}") = "Solution Items", "Solution Items", "{8C488C7E-C1A3-4FD6-96FF-D2517804A514}"
	ProjectSection(SolutionItems) = preProject
		Cocktail.vsmdi = Cocktail.vsmdi
		Local.testsettings = Local.testsettings
		TraceAndTestImpact.testsettings = TraceAndTestImpact.testsettings
	EndProjectSection
EndProject
Project("{FAE04EC0-301F-11D3-BF4B-00C04F79EFBC}") = "Cocktail.Utils", "Cocktail.Utils\Cocktail.Utils.csproj", "{261E777A-1FE0-455E-87FD-DDB95B2757AA}"
EndProject
Project("{FAE04EC0-301F-11D3-BF4B-00C04F79EFBC}") = "Cocktail", "Cocktail\Cocktail.csproj", "{10F63FBB-FB0D-4B76-9E3F-5979D19CB01F}"
EndProject
Project("{FAE04EC0-301F-11D3-BF4B-00C04F79EFBC}") = "Test.Model", "Test Projects\Test.Model\Test.Model.csproj", "{12BEA1AF-5380-4024-BEDD-C914B0C15178}"
EndProject
Project("{FAE04EC0-301F-11D3-BF4B-00C04F79EFBC}") = "Cocktail.Tests", "Test Projects\Cocktail.Tests\Cocktail.Tests.csproj", "{7E2FF932-5278-4092-8CAA-1EE7EC22A405}"
EndProject
Project("{FAE04EC0-301F-11D3-BF4B-00C04F79EFBC}") = "Cocktail.SL", "Cocktail\Cocktail.SL.csproj", "{65FCE695-2E91-4245-86D6-3FB3486AEFAD}"
EndProject
Project("{FAE04EC0-301F-11D3-BF4B-00C04F79EFBC}") = "Cocktail.Utils.SL", "Cocktail.Utils\Cocktail.Utils.SL.csproj", "{39915105-64A5-493F-B91B-838D5CEEE9F2}"
EndProject
Project("{2150E333-8FDC-42A3-9474-1A3956D46DE8}") = ".nuget", ".nuget", "{73AB0673-460E-4133-923C-5FBB3D7C4009}"
	ProjectSection(SolutionItems) = preProject
		.nuget\NuGet.Config = .nuget\NuGet.Config
		.nuget\nuget.exe = .nuget\nuget.exe
		.nuget\NuGet.targets = .nuget\NuGet.targets
	EndProjectSection
EndProject
Project("{FAE04EC0-301F-11D3-BF4B-00C04F79EFBC}") = "Cocktail.WinRT", "Cocktail\Cocktail.WinRT.csproj", "{4B283109-31D0-4C29-9420-6FCDF703513E}"
EndProject
Project("{FAE04EC0-301F-11D3-BF4B-00C04F79EFBC}") = "Cocktail.Tests.WinRT", "Test Projects\Cocktail.Tests\Cocktail.Tests.WinRT.csproj", "{7FC50DD1-60C1-43FC-BACC-FA79B296341C}"
EndProject
Project("{FAE04EC0-301F-11D3-BF4B-00C04F79EFBC}") = "Test.Model.WinRT", "Test Projects\Test.Model\Test.Model.WinRT.csproj", "{D71FE28F-1D7E-4E6B-AE41-D0C7BC809400}"
EndProject
Project("{FAE04EC0-301F-11D3-BF4B-00C04F79EFBC}") = "Test.Web", "Test Projects\Test.Web\Test.Web.csproj", "{DA8ACA0B-83EB-4F38-9FA4-8A969E815FE3}"
EndProject
Project("{FAE04EC0-301F-11D3-BF4B-00C04F79EFBC}") = "Cocktail.Utils.WinRT", "Cocktail.Utils\Cocktail.Utils.WinRT.csproj", "{7CA86F0A-AB76-4FE8-8E56-AD8ABC56E8B7}"
EndProject
Project("{2150E333-8FDC-42A3-9474-1A3956D46DE8}") = "Platforms", "Platforms", "{04CA7342-D7C5-4602-BA76-7F887461F214}"
EndProject
Project("{2150E333-8FDC-42A3-9474-1A3956D46DE8}") = ".NET", ".NET", "{1EE1F402-9F5F-4FD1-9F0E-9A24C0C8AFC7}"
EndProject
Project("{2150E333-8FDC-42A3-9474-1A3956D46DE8}") = "Silverlight", "Silverlight", "{513938FE-0520-4D93-8A1F-1014EF1DE9FA}"
EndProject
Project("{2150E333-8FDC-42A3-9474-1A3956D46DE8}") = "WinRT", "WinRT", "{31A296A1-FB74-4449-9BAA-3E0C73787677}"
EndProject
Project("{2150E333-8FDC-42A3-9474-1A3956D46DE8}") = "Samples", "Samples", "{6BC3980F-1058-45C3-AD1F-C0A166F09166}"
EndProject
Project("{2150E333-8FDC-42A3-9474-1A3956D46DE8}") = "WinRT", "WinRT", "{788AC26B-484C-4091-A402-2E678D4A8B4A}"
EndProject
Project("{FAE04EC0-301F-11D3-BF4B-00C04F79EFBC}") = "Todo", "Samples\Todo\Todo\Todo.csproj", "{A6E88B44-2280-4C7F-88BB-B5890576899A}"
EndProject
Project("{FAE04EC0-301F-11D3-BF4B-00C04F79EFBC}") = "TodoServer", "Samples\Todo\TodoServer\TodoServer.csproj", "{BB80F88F-3D2A-4D85-9A70-ECDFE9CB2178}"
EndProject
Global
	GlobalSection(TestCaseManagementSettings) = postSolution
		CategoryFile = Cocktail.vsmdi
	EndGlobalSection
	GlobalSection(SolutionConfigurationPlatforms) = preSolution
		Debug|Any CPU = Debug|Any CPU
		Debug|ARM = Debug|ARM
		Debug|Mixed Platforms = Debug|Mixed Platforms
		Debug|x64 = Debug|x64
		Debug|x86 = Debug|x86
		Release|Any CPU = Release|Any CPU
		Release|ARM = Release|ARM
		Release|Mixed Platforms = Release|Mixed Platforms
		Release|x64 = Release|x64
		Release|x86 = Release|x86
	EndGlobalSection
	GlobalSection(ProjectConfigurationPlatforms) = postSolution
		{261E777A-1FE0-455E-87FD-DDB95B2757AA}.Debug|Any CPU.ActiveCfg = Debug|Any CPU
		{261E777A-1FE0-455E-87FD-DDB95B2757AA}.Debug|Any CPU.Build.0 = Debug|Any CPU
		{261E777A-1FE0-455E-87FD-DDB95B2757AA}.Debug|ARM.ActiveCfg = Debug|Any CPU
		{261E777A-1FE0-455E-87FD-DDB95B2757AA}.Debug|Mixed Platforms.ActiveCfg = Debug|Any CPU
		{261E777A-1FE0-455E-87FD-DDB95B2757AA}.Debug|Mixed Platforms.Build.0 = Debug|Any CPU
		{261E777A-1FE0-455E-87FD-DDB95B2757AA}.Debug|x64.ActiveCfg = Debug|Any CPU
		{261E777A-1FE0-455E-87FD-DDB95B2757AA}.Debug|x86.ActiveCfg = Debug|Any CPU
		{261E777A-1FE0-455E-87FD-DDB95B2757AA}.Release|Any CPU.ActiveCfg = Release|Any CPU
		{261E777A-1FE0-455E-87FD-DDB95B2757AA}.Release|Any CPU.Build.0 = Release|Any CPU
		{261E777A-1FE0-455E-87FD-DDB95B2757AA}.Release|ARM.ActiveCfg = Release|Any CPU
		{261E777A-1FE0-455E-87FD-DDB95B2757AA}.Release|Mixed Platforms.ActiveCfg = Release|Any CPU
		{261E777A-1FE0-455E-87FD-DDB95B2757AA}.Release|Mixed Platforms.Build.0 = Release|Any CPU
		{261E777A-1FE0-455E-87FD-DDB95B2757AA}.Release|x64.ActiveCfg = Release|Any CPU
		{261E777A-1FE0-455E-87FD-DDB95B2757AA}.Release|x86.ActiveCfg = Release|Any CPU
		{10F63FBB-FB0D-4B76-9E3F-5979D19CB01F}.Debug|Any CPU.ActiveCfg = Debug|Any CPU
		{10F63FBB-FB0D-4B76-9E3F-5979D19CB01F}.Debug|Any CPU.Build.0 = Debug|Any CPU
		{10F63FBB-FB0D-4B76-9E3F-5979D19CB01F}.Debug|ARM.ActiveCfg = Debug|Any CPU
		{10F63FBB-FB0D-4B76-9E3F-5979D19CB01F}.Debug|Mixed Platforms.ActiveCfg = Debug|Any CPU
		{10F63FBB-FB0D-4B76-9E3F-5979D19CB01F}.Debug|Mixed Platforms.Build.0 = Debug|Any CPU
		{10F63FBB-FB0D-4B76-9E3F-5979D19CB01F}.Debug|x64.ActiveCfg = Debug|Any CPU
		{10F63FBB-FB0D-4B76-9E3F-5979D19CB01F}.Debug|x86.ActiveCfg = Debug|Any CPU
		{10F63FBB-FB0D-4B76-9E3F-5979D19CB01F}.Release|Any CPU.ActiveCfg = Release|Any CPU
		{10F63FBB-FB0D-4B76-9E3F-5979D19CB01F}.Release|Any CPU.Build.0 = Release|Any CPU
		{10F63FBB-FB0D-4B76-9E3F-5979D19CB01F}.Release|ARM.ActiveCfg = Release|Any CPU
		{10F63FBB-FB0D-4B76-9E3F-5979D19CB01F}.Release|Mixed Platforms.ActiveCfg = Release|Any CPU
		{10F63FBB-FB0D-4B76-9E3F-5979D19CB01F}.Release|Mixed Platforms.Build.0 = Release|Any CPU
		{10F63FBB-FB0D-4B76-9E3F-5979D19CB01F}.Release|x64.ActiveCfg = Release|Any CPU
		{10F63FBB-FB0D-4B76-9E3F-5979D19CB01F}.Release|x86.ActiveCfg = Release|Any CPU
		{12BEA1AF-5380-4024-BEDD-C914B0C15178}.Debug|Any CPU.ActiveCfg = Debug|Any CPU
		{12BEA1AF-5380-4024-BEDD-C914B0C15178}.Debug|Any CPU.Build.0 = Debug|Any CPU
		{12BEA1AF-5380-4024-BEDD-C914B0C15178}.Debug|ARM.ActiveCfg = Debug|Any CPU
		{12BEA1AF-5380-4024-BEDD-C914B0C15178}.Debug|Mixed Platforms.ActiveCfg = Debug|Any CPU
		{12BEA1AF-5380-4024-BEDD-C914B0C15178}.Debug|Mixed Platforms.Build.0 = Debug|Any CPU
		{12BEA1AF-5380-4024-BEDD-C914B0C15178}.Debug|x64.ActiveCfg = Debug|Any CPU
		{12BEA1AF-5380-4024-BEDD-C914B0C15178}.Debug|x86.ActiveCfg = Debug|Any CPU
		{12BEA1AF-5380-4024-BEDD-C914B0C15178}.Release|Any CPU.ActiveCfg = Release|Any CPU
		{12BEA1AF-5380-4024-BEDD-C914B0C15178}.Release|Any CPU.Build.0 = Release|Any CPU
		{12BEA1AF-5380-4024-BEDD-C914B0C15178}.Release|ARM.ActiveCfg = Release|Any CPU
		{12BEA1AF-5380-4024-BEDD-C914B0C15178}.Release|Mixed Platforms.ActiveCfg = Release|Any CPU
		{12BEA1AF-5380-4024-BEDD-C914B0C15178}.Release|Mixed Platforms.Build.0 = Release|Any CPU
		{12BEA1AF-5380-4024-BEDD-C914B0C15178}.Release|x64.ActiveCfg = Release|Any CPU
		{12BEA1AF-5380-4024-BEDD-C914B0C15178}.Release|x86.ActiveCfg = Release|Any CPU
		{7E2FF932-5278-4092-8CAA-1EE7EC22A405}.Debug|Any CPU.ActiveCfg = Debug|Any CPU
		{7E2FF932-5278-4092-8CAA-1EE7EC22A405}.Debug|Any CPU.Build.0 = Debug|Any CPU
		{7E2FF932-5278-4092-8CAA-1EE7EC22A405}.Debug|ARM.ActiveCfg = Debug|Any CPU
		{7E2FF932-5278-4092-8CAA-1EE7EC22A405}.Debug|Mixed Platforms.ActiveCfg = Debug|Any CPU
		{7E2FF932-5278-4092-8CAA-1EE7EC22A405}.Debug|Mixed Platforms.Build.0 = Debug|Any CPU
		{7E2FF932-5278-4092-8CAA-1EE7EC22A405}.Debug|x64.ActiveCfg = Debug|Any CPU
		{7E2FF932-5278-4092-8CAA-1EE7EC22A405}.Debug|x86.ActiveCfg = Debug|Any CPU
		{7E2FF932-5278-4092-8CAA-1EE7EC22A405}.Release|Any CPU.ActiveCfg = Release|Any CPU
		{7E2FF932-5278-4092-8CAA-1EE7EC22A405}.Release|Any CPU.Build.0 = Release|Any CPU
		{7E2FF932-5278-4092-8CAA-1EE7EC22A405}.Release|ARM.ActiveCfg = Release|Any CPU
		{7E2FF932-5278-4092-8CAA-1EE7EC22A405}.Release|Mixed Platforms.ActiveCfg = Release|Any CPU
		{7E2FF932-5278-4092-8CAA-1EE7EC22A405}.Release|Mixed Platforms.Build.0 = Release|Any CPU
		{7E2FF932-5278-4092-8CAA-1EE7EC22A405}.Release|x64.ActiveCfg = Release|Any CPU
		{7E2FF932-5278-4092-8CAA-1EE7EC22A405}.Release|x86.ActiveCfg = Release|Any CPU
		{65FCE695-2E91-4245-86D6-3FB3486AEFAD}.Debug|Any CPU.ActiveCfg = Debug|Any CPU
		{65FCE695-2E91-4245-86D6-3FB3486AEFAD}.Debug|Any CPU.Build.0 = Debug|Any CPU
		{65FCE695-2E91-4245-86D6-3FB3486AEFAD}.Debug|ARM.ActiveCfg = Debug|Any CPU
		{65FCE695-2E91-4245-86D6-3FB3486AEFAD}.Debug|Mixed Platforms.ActiveCfg = Debug|Any CPU
		{65FCE695-2E91-4245-86D6-3FB3486AEFAD}.Debug|Mixed Platforms.Build.0 = Debug|Any CPU
		{65FCE695-2E91-4245-86D6-3FB3486AEFAD}.Debug|x64.ActiveCfg = Debug|Any CPU
		{65FCE695-2E91-4245-86D6-3FB3486AEFAD}.Debug|x86.ActiveCfg = Debug|Any CPU
		{65FCE695-2E91-4245-86D6-3FB3486AEFAD}.Release|Any CPU.ActiveCfg = Release|Any CPU
		{65FCE695-2E91-4245-86D6-3FB3486AEFAD}.Release|Any CPU.Build.0 = Release|Any CPU
		{65FCE695-2E91-4245-86D6-3FB3486AEFAD}.Release|ARM.ActiveCfg = Release|Any CPU
		{65FCE695-2E91-4245-86D6-3FB3486AEFAD}.Release|Mixed Platforms.ActiveCfg = Release|Any CPU
		{65FCE695-2E91-4245-86D6-3FB3486AEFAD}.Release|Mixed Platforms.Build.0 = Release|Any CPU
		{65FCE695-2E91-4245-86D6-3FB3486AEFAD}.Release|x64.ActiveCfg = Release|Any CPU
		{65FCE695-2E91-4245-86D6-3FB3486AEFAD}.Release|x86.ActiveCfg = Release|Any CPU
		{39915105-64A5-493F-B91B-838D5CEEE9F2}.Debug|Any CPU.ActiveCfg = Debug|Any CPU
		{39915105-64A5-493F-B91B-838D5CEEE9F2}.Debug|Any CPU.Build.0 = Debug|Any CPU
		{39915105-64A5-493F-B91B-838D5CEEE9F2}.Debug|ARM.ActiveCfg = Debug|Any CPU
		{39915105-64A5-493F-B91B-838D5CEEE9F2}.Debug|Mixed Platforms.ActiveCfg = Debug|Any CPU
		{39915105-64A5-493F-B91B-838D5CEEE9F2}.Debug|Mixed Platforms.Build.0 = Debug|Any CPU
		{39915105-64A5-493F-B91B-838D5CEEE9F2}.Debug|x64.ActiveCfg = Debug|Any CPU
		{39915105-64A5-493F-B91B-838D5CEEE9F2}.Debug|x86.ActiveCfg = Debug|Any CPU
		{39915105-64A5-493F-B91B-838D5CEEE9F2}.Release|Any CPU.ActiveCfg = Release|Any CPU
		{39915105-64A5-493F-B91B-838D5CEEE9F2}.Release|Any CPU.Build.0 = Release|Any CPU
		{39915105-64A5-493F-B91B-838D5CEEE9F2}.Release|ARM.ActiveCfg = Release|Any CPU
		{39915105-64A5-493F-B91B-838D5CEEE9F2}.Release|Mixed Platforms.ActiveCfg = Release|Any CPU
		{39915105-64A5-493F-B91B-838D5CEEE9F2}.Release|Mixed Platforms.Build.0 = Release|Any CPU
		{39915105-64A5-493F-B91B-838D5CEEE9F2}.Release|x64.ActiveCfg = Release|Any CPU
		{39915105-64A5-493F-B91B-838D5CEEE9F2}.Release|x86.ActiveCfg = Release|Any CPU
		{4B283109-31D0-4C29-9420-6FCDF703513E}.Debug|Any CPU.ActiveCfg = Debug|Any CPU
		{4B283109-31D0-4C29-9420-6FCDF703513E}.Debug|Any CPU.Build.0 = Debug|Any CPU
		{4B283109-31D0-4C29-9420-6FCDF703513E}.Debug|ARM.ActiveCfg = Debug|ARM
		{4B283109-31D0-4C29-9420-6FCDF703513E}.Debug|ARM.Build.0 = Debug|ARM
		{4B283109-31D0-4C29-9420-6FCDF703513E}.Debug|Mixed Platforms.ActiveCfg = Debug|Any CPU
		{4B283109-31D0-4C29-9420-6FCDF703513E}.Debug|Mixed Platforms.Build.0 = Debug|Any CPU
		{4B283109-31D0-4C29-9420-6FCDF703513E}.Debug|x64.ActiveCfg = Debug|x64
		{4B283109-31D0-4C29-9420-6FCDF703513E}.Debug|x64.Build.0 = Debug|x64
		{4B283109-31D0-4C29-9420-6FCDF703513E}.Debug|x86.ActiveCfg = Debug|x86
		{4B283109-31D0-4C29-9420-6FCDF703513E}.Debug|x86.Build.0 = Debug|x86
		{4B283109-31D0-4C29-9420-6FCDF703513E}.Release|Any CPU.ActiveCfg = Release|Any CPU
		{4B283109-31D0-4C29-9420-6FCDF703513E}.Release|Any CPU.Build.0 = Release|Any CPU
		{4B283109-31D0-4C29-9420-6FCDF703513E}.Release|ARM.ActiveCfg = Release|ARM
		{4B283109-31D0-4C29-9420-6FCDF703513E}.Release|ARM.Build.0 = Release|ARM
		{4B283109-31D0-4C29-9420-6FCDF703513E}.Release|Mixed Platforms.ActiveCfg = Release|Any CPU
		{4B283109-31D0-4C29-9420-6FCDF703513E}.Release|Mixed Platforms.Build.0 = Release|Any CPU
		{4B283109-31D0-4C29-9420-6FCDF703513E}.Release|x64.ActiveCfg = Release|x64
		{4B283109-31D0-4C29-9420-6FCDF703513E}.Release|x64.Build.0 = Release|x64
		{4B283109-31D0-4C29-9420-6FCDF703513E}.Release|x86.ActiveCfg = Release|x86
		{4B283109-31D0-4C29-9420-6FCDF703513E}.Release|x86.Build.0 = Release|x86
		{7FC50DD1-60C1-43FC-BACC-FA79B296341C}.Debug|Any CPU.ActiveCfg = Debug|Any CPU
		{7FC50DD1-60C1-43FC-BACC-FA79B296341C}.Debug|Any CPU.Build.0 = Debug|Any CPU
		{7FC50DD1-60C1-43FC-BACC-FA79B296341C}.Debug|Any CPU.Deploy.0 = Debug|Any CPU
		{7FC50DD1-60C1-43FC-BACC-FA79B296341C}.Debug|ARM.ActiveCfg = Debug|ARM
		{7FC50DD1-60C1-43FC-BACC-FA79B296341C}.Debug|ARM.Build.0 = Debug|ARM
		{7FC50DD1-60C1-43FC-BACC-FA79B296341C}.Debug|ARM.Deploy.0 = Debug|ARM
		{7FC50DD1-60C1-43FC-BACC-FA79B296341C}.Debug|Mixed Platforms.ActiveCfg = Debug|Any CPU
		{7FC50DD1-60C1-43FC-BACC-FA79B296341C}.Debug|Mixed Platforms.Build.0 = Debug|Any CPU
		{7FC50DD1-60C1-43FC-BACC-FA79B296341C}.Debug|Mixed Platforms.Deploy.0 = Debug|Any CPU
		{7FC50DD1-60C1-43FC-BACC-FA79B296341C}.Debug|x64.ActiveCfg = Debug|x64
		{7FC50DD1-60C1-43FC-BACC-FA79B296341C}.Debug|x64.Build.0 = Debug|x64
		{7FC50DD1-60C1-43FC-BACC-FA79B296341C}.Debug|x64.Deploy.0 = Debug|x64
		{7FC50DD1-60C1-43FC-BACC-FA79B296341C}.Debug|x86.ActiveCfg = Debug|x86
		{7FC50DD1-60C1-43FC-BACC-FA79B296341C}.Debug|x86.Build.0 = Debug|x86
		{7FC50DD1-60C1-43FC-BACC-FA79B296341C}.Debug|x86.Deploy.0 = Debug|x86
		{7FC50DD1-60C1-43FC-BACC-FA79B296341C}.Release|Any CPU.ActiveCfg = Release|Any CPU
		{7FC50DD1-60C1-43FC-BACC-FA79B296341C}.Release|Any CPU.Build.0 = Release|Any CPU
		{7FC50DD1-60C1-43FC-BACC-FA79B296341C}.Release|Any CPU.Deploy.0 = Release|Any CPU
		{7FC50DD1-60C1-43FC-BACC-FA79B296341C}.Release|ARM.ActiveCfg = Release|ARM
		{7FC50DD1-60C1-43FC-BACC-FA79B296341C}.Release|ARM.Build.0 = Release|ARM
		{7FC50DD1-60C1-43FC-BACC-FA79B296341C}.Release|ARM.Deploy.0 = Release|ARM
		{7FC50DD1-60C1-43FC-BACC-FA79B296341C}.Release|Mixed Platforms.ActiveCfg = Release|Any CPU
		{7FC50DD1-60C1-43FC-BACC-FA79B296341C}.Release|Mixed Platforms.Build.0 = Release|Any CPU
		{7FC50DD1-60C1-43FC-BACC-FA79B296341C}.Release|Mixed Platforms.Deploy.0 = Release|Any CPU
		{7FC50DD1-60C1-43FC-BACC-FA79B296341C}.Release|x64.ActiveCfg = Release|x64
		{7FC50DD1-60C1-43FC-BACC-FA79B296341C}.Release|x64.Build.0 = Release|x64
		{7FC50DD1-60C1-43FC-BACC-FA79B296341C}.Release|x64.Deploy.0 = Release|x64
		{7FC50DD1-60C1-43FC-BACC-FA79B296341C}.Release|x86.ActiveCfg = Release|x86
		{7FC50DD1-60C1-43FC-BACC-FA79B296341C}.Release|x86.Build.0 = Release|x86
		{7FC50DD1-60C1-43FC-BACC-FA79B296341C}.Release|x86.Deploy.0 = Release|x86
		{D71FE28F-1D7E-4E6B-AE41-D0C7BC809400}.Debug|Any CPU.ActiveCfg = Debug|Any CPU
		{D71FE28F-1D7E-4E6B-AE41-D0C7BC809400}.Debug|Any CPU.Build.0 = Debug|Any CPU
		{D71FE28F-1D7E-4E6B-AE41-D0C7BC809400}.Debug|ARM.ActiveCfg = Debug|ARM
		{D71FE28F-1D7E-4E6B-AE41-D0C7BC809400}.Debug|ARM.Build.0 = Debug|ARM
		{D71FE28F-1D7E-4E6B-AE41-D0C7BC809400}.Debug|Mixed Platforms.ActiveCfg = Debug|Any CPU
		{D71FE28F-1D7E-4E6B-AE41-D0C7BC809400}.Debug|Mixed Platforms.Build.0 = Debug|Any CPU
		{D71FE28F-1D7E-4E6B-AE41-D0C7BC809400}.Debug|x64.ActiveCfg = Debug|x64
		{D71FE28F-1D7E-4E6B-AE41-D0C7BC809400}.Debug|x64.Build.0 = Debug|x64
		{D71FE28F-1D7E-4E6B-AE41-D0C7BC809400}.Debug|x86.ActiveCfg = Debug|x86
		{D71FE28F-1D7E-4E6B-AE41-D0C7BC809400}.Debug|x86.Build.0 = Debug|x86
		{D71FE28F-1D7E-4E6B-AE41-D0C7BC809400}.Release|Any CPU.ActiveCfg = Release|Any CPU
		{D71FE28F-1D7E-4E6B-AE41-D0C7BC809400}.Release|Any CPU.Build.0 = Release|Any CPU
		{D71FE28F-1D7E-4E6B-AE41-D0C7BC809400}.Release|ARM.ActiveCfg = Release|ARM
		{D71FE28F-1D7E-4E6B-AE41-D0C7BC809400}.Release|ARM.Build.0 = Release|ARM
		{D71FE28F-1D7E-4E6B-AE41-D0C7BC809400}.Release|Mixed Platforms.ActiveCfg = Release|Any CPU
		{D71FE28F-1D7E-4E6B-AE41-D0C7BC809400}.Release|Mixed Platforms.Build.0 = Release|Any CPU
		{D71FE28F-1D7E-4E6B-AE41-D0C7BC809400}.Release|x64.ActiveCfg = Release|x64
		{D71FE28F-1D7E-4E6B-AE41-D0C7BC809400}.Release|x64.Build.0 = Release|x64
		{D71FE28F-1D7E-4E6B-AE41-D0C7BC809400}.Release|x86.ActiveCfg = Release|x86
		{D71FE28F-1D7E-4E6B-AE41-D0C7BC809400}.Release|x86.Build.0 = Release|x86
		{DA8ACA0B-83EB-4F38-9FA4-8A969E815FE3}.Debug|Any CPU.ActiveCfg = Debug|Any CPU
		{DA8ACA0B-83EB-4F38-9FA4-8A969E815FE3}.Debug|Any CPU.Build.0 = Debug|Any CPU
		{DA8ACA0B-83EB-4F38-9FA4-8A969E815FE3}.Debug|ARM.ActiveCfg = Debug|Any CPU
		{DA8ACA0B-83EB-4F38-9FA4-8A969E815FE3}.Debug|Mixed Platforms.ActiveCfg = Debug|Any CPU
		{DA8ACA0B-83EB-4F38-9FA4-8A969E815FE3}.Debug|Mixed Platforms.Build.0 = Debug|Any CPU
		{DA8ACA0B-83EB-4F38-9FA4-8A969E815FE3}.Debug|x64.ActiveCfg = Debug|Any CPU
		{DA8ACA0B-83EB-4F38-9FA4-8A969E815FE3}.Debug|x86.ActiveCfg = Debug|Any CPU
		{DA8ACA0B-83EB-4F38-9FA4-8A969E815FE3}.Release|Any CPU.ActiveCfg = Release|Any CPU
		{DA8ACA0B-83EB-4F38-9FA4-8A969E815FE3}.Release|Any CPU.Build.0 = Release|Any CPU
		{DA8ACA0B-83EB-4F38-9FA4-8A969E815FE3}.Release|ARM.ActiveCfg = Release|Any CPU
		{DA8ACA0B-83EB-4F38-9FA4-8A969E815FE3}.Release|Mixed Platforms.ActiveCfg = Release|Any CPU
		{DA8ACA0B-83EB-4F38-9FA4-8A969E815FE3}.Release|Mixed Platforms.Build.0 = Release|Any CPU
		{DA8ACA0B-83EB-4F38-9FA4-8A969E815FE3}.Release|x64.ActiveCfg = Release|Any CPU
		{DA8ACA0B-83EB-4F38-9FA4-8A969E815FE3}.Release|x86.ActiveCfg = Release|Any CPU
		{7CA86F0A-AB76-4FE8-8E56-AD8ABC56E8B7}.Debug|Any CPU.ActiveCfg = Debug|Any CPU
		{7CA86F0A-AB76-4FE8-8E56-AD8ABC56E8B7}.Debug|Any CPU.Build.0 = Debug|Any CPU
		{7CA86F0A-AB76-4FE8-8E56-AD8ABC56E8B7}.Debug|ARM.ActiveCfg = Debug|ARM
		{7CA86F0A-AB76-4FE8-8E56-AD8ABC56E8B7}.Debug|ARM.Build.0 = Debug|ARM
		{7CA86F0A-AB76-4FE8-8E56-AD8ABC56E8B7}.Debug|Mixed Platforms.ActiveCfg = Debug|Any CPU
		{7CA86F0A-AB76-4FE8-8E56-AD8ABC56E8B7}.Debug|Mixed Platforms.Build.0 = Debug|Any CPU
		{7CA86F0A-AB76-4FE8-8E56-AD8ABC56E8B7}.Debug|x64.ActiveCfg = Debug|x64
		{7CA86F0A-AB76-4FE8-8E56-AD8ABC56E8B7}.Debug|x64.Build.0 = Debug|x64
		{7CA86F0A-AB76-4FE8-8E56-AD8ABC56E8B7}.Debug|x86.ActiveCfg = Debug|x86
		{7CA86F0A-AB76-4FE8-8E56-AD8ABC56E8B7}.Debug|x86.Build.0 = Debug|x86
		{7CA86F0A-AB76-4FE8-8E56-AD8ABC56E8B7}.Release|Any CPU.ActiveCfg = Release|Any CPU
		{7CA86F0A-AB76-4FE8-8E56-AD8ABC56E8B7}.Release|Any CPU.Build.0 = Release|Any CPU
		{7CA86F0A-AB76-4FE8-8E56-AD8ABC56E8B7}.Release|ARM.ActiveCfg = Release|ARM
		{7CA86F0A-AB76-4FE8-8E56-AD8ABC56E8B7}.Release|ARM.Build.0 = Release|ARM
		{7CA86F0A-AB76-4FE8-8E56-AD8ABC56E8B7}.Release|Mixed Platforms.ActiveCfg = Release|Any CPU
		{7CA86F0A-AB76-4FE8-8E56-AD8ABC56E8B7}.Release|Mixed Platforms.Build.0 = Release|Any CPU
		{7CA86F0A-AB76-4FE8-8E56-AD8ABC56E8B7}.Release|x64.ActiveCfg = Release|x64
		{7CA86F0A-AB76-4FE8-8E56-AD8ABC56E8B7}.Release|x64.Build.0 = Release|x64
		{7CA86F0A-AB76-4FE8-8E56-AD8ABC56E8B7}.Release|x86.ActiveCfg = Release|x86
		{7CA86F0A-AB76-4FE8-8E56-AD8ABC56E8B7}.Release|x86.Build.0 = Release|x86
		{A6E88B44-2280-4C7F-88BB-B5890576899A}.Debug|Any CPU.ActiveCfg = Debug|Any CPU
		{A6E88B44-2280-4C7F-88BB-B5890576899A}.Debug|Any CPU.Build.0 = Debug|Any CPU
		{A6E88B44-2280-4C7F-88BB-B5890576899A}.Debug|Any CPU.Deploy.0 = Debug|Any CPU
		{A6E88B44-2280-4C7F-88BB-B5890576899A}.Debug|ARM.ActiveCfg = Debug|ARM
		{A6E88B44-2280-4C7F-88BB-B5890576899A}.Debug|ARM.Build.0 = Debug|ARM
		{A6E88B44-2280-4C7F-88BB-B5890576899A}.Debug|ARM.Deploy.0 = Debug|ARM
		{A6E88B44-2280-4C7F-88BB-B5890576899A}.Debug|Mixed Platforms.ActiveCfg = Debug|Any CPU
		{A6E88B44-2280-4C7F-88BB-B5890576899A}.Debug|Mixed Platforms.Build.0 = Debug|Any CPU
		{A6E88B44-2280-4C7F-88BB-B5890576899A}.Debug|Mixed Platforms.Deploy.0 = Debug|Any CPU
		{A6E88B44-2280-4C7F-88BB-B5890576899A}.Debug|x64.ActiveCfg = Debug|x64
		{A6E88B44-2280-4C7F-88BB-B5890576899A}.Debug|x64.Build.0 = Debug|x64
		{A6E88B44-2280-4C7F-88BB-B5890576899A}.Debug|x64.Deploy.0 = Debug|x64
		{A6E88B44-2280-4C7F-88BB-B5890576899A}.Debug|x86.ActiveCfg = Debug|x86
		{A6E88B44-2280-4C7F-88BB-B5890576899A}.Debug|x86.Build.0 = Debug|x86
		{A6E88B44-2280-4C7F-88BB-B5890576899A}.Debug|x86.Deploy.0 = Debug|x86
		{A6E88B44-2280-4C7F-88BB-B5890576899A}.Release|Any CPU.ActiveCfg = Release|Any CPU
		{A6E88B44-2280-4C7F-88BB-B5890576899A}.Release|Any CPU.Build.0 = Release|Any CPU
		{A6E88B44-2280-4C7F-88BB-B5890576899A}.Release|Any CPU.Deploy.0 = Release|Any CPU
		{A6E88B44-2280-4C7F-88BB-B5890576899A}.Release|ARM.ActiveCfg = Release|ARM
		{A6E88B44-2280-4C7F-88BB-B5890576899A}.Release|ARM.Build.0 = Release|ARM
		{A6E88B44-2280-4C7F-88BB-B5890576899A}.Release|ARM.Deploy.0 = Release|ARM
		{A6E88B44-2280-4C7F-88BB-B5890576899A}.Release|Mixed Platforms.ActiveCfg = Release|Any CPU
		{A6E88B44-2280-4C7F-88BB-B5890576899A}.Release|Mixed Platforms.Build.0 = Release|Any CPU
		{A6E88B44-2280-4C7F-88BB-B5890576899A}.Release|Mixed Platforms.Deploy.0 = Release|Any CPU
		{A6E88B44-2280-4C7F-88BB-B5890576899A}.Release|x64.ActiveCfg = Release|x64
		{A6E88B44-2280-4C7F-88BB-B5890576899A}.Release|x64.Build.0 = Release|x64
		{A6E88B44-2280-4C7F-88BB-B5890576899A}.Release|x64.Deploy.0 = Release|x64
		{A6E88B44-2280-4C7F-88BB-B5890576899A}.Release|x86.ActiveCfg = Release|x86
		{A6E88B44-2280-4C7F-88BB-B5890576899A}.Release|x86.Build.0 = Release|x86
		{A6E88B44-2280-4C7F-88BB-B5890576899A}.Release|x86.Deploy.0 = Release|x86
		{BB80F88F-3D2A-4D85-9A70-ECDFE9CB2178}.Debug|Any CPU.ActiveCfg = Debug|Any CPU
		{BB80F88F-3D2A-4D85-9A70-ECDFE9CB2178}.Debug|Any CPU.Build.0 = Debug|Any CPU
		{BB80F88F-3D2A-4D85-9A70-ECDFE9CB2178}.Debug|ARM.ActiveCfg = Debug|Any CPU
		{BB80F88F-3D2A-4D85-9A70-ECDFE9CB2178}.Debug|Mixed Platforms.ActiveCfg = Debug|Any CPU
		{BB80F88F-3D2A-4D85-9A70-ECDFE9CB2178}.Debug|Mixed Platforms.Build.0 = Debug|Any CPU
		{BB80F88F-3D2A-4D85-9A70-ECDFE9CB2178}.Debug|x64.ActiveCfg = Debug|Any CPU
		{BB80F88F-3D2A-4D85-9A70-ECDFE9CB2178}.Debug|x86.ActiveCfg = Debug|Any CPU
		{BB80F88F-3D2A-4D85-9A70-ECDFE9CB2178}.Release|Any CPU.ActiveCfg = Release|Any CPU
		{BB80F88F-3D2A-4D85-9A70-ECDFE9CB2178}.Release|Any CPU.Build.0 = Release|Any CPU
		{BB80F88F-3D2A-4D85-9A70-ECDFE9CB2178}.Release|ARM.ActiveCfg = Release|Any CPU
		{BB80F88F-3D2A-4D85-9A70-ECDFE9CB2178}.Release|Mixed Platforms.ActiveCfg = Release|Any CPU
		{BB80F88F-3D2A-4D85-9A70-ECDFE9CB2178}.Release|Mixed Platforms.Build.0 = Release|Any CPU
		{BB80F88F-3D2A-4D85-9A70-ECDFE9CB2178}.Release|x64.ActiveCfg = Release|Any CPU
		{BB80F88F-3D2A-4D85-9A70-ECDFE9CB2178}.Release|x86.ActiveCfg = Release|Any CPU
	EndGlobalSection
	GlobalSection(SolutionProperties) = preSolution
		HideSolutionNode = FALSE
	EndGlobalSection
	GlobalSection(NestedProjects) = preSolution
		{8C488C7E-C1A3-4FD6-96FF-D2517804A514} = {5FCDCDCA-09B7-4787-BF81-137E7A188B1D}
		{12BEA1AF-5380-4024-BEDD-C914B0C15178} = {5FCDCDCA-09B7-4787-BF81-137E7A188B1D}
		{7E2FF932-5278-4092-8CAA-1EE7EC22A405} = {5FCDCDCA-09B7-4787-BF81-137E7A188B1D}
		{7FC50DD1-60C1-43FC-BACC-FA79B296341C} = {5FCDCDCA-09B7-4787-BF81-137E7A188B1D}
		{D71FE28F-1D7E-4E6B-AE41-D0C7BC809400} = {5FCDCDCA-09B7-4787-BF81-137E7A188B1D}
		{DA8ACA0B-83EB-4F38-9FA4-8A969E815FE3} = {5FCDCDCA-09B7-4787-BF81-137E7A188B1D}
		{1EE1F402-9F5F-4FD1-9F0E-9A24C0C8AFC7} = {04CA7342-D7C5-4602-BA76-7F887461F214}
		{513938FE-0520-4D93-8A1F-1014EF1DE9FA} = {04CA7342-D7C5-4602-BA76-7F887461F214}
		{31A296A1-FB74-4449-9BAA-3E0C73787677} = {04CA7342-D7C5-4602-BA76-7F887461F214}
		{261E777A-1FE0-455E-87FD-DDB95B2757AA} = {1EE1F402-9F5F-4FD1-9F0E-9A24C0C8AFC7}
		{10F63FBB-FB0D-4B76-9E3F-5979D19CB01F} = {1EE1F402-9F5F-4FD1-9F0E-9A24C0C8AFC7}
		{39915105-64A5-493F-B91B-838D5CEEE9F2} = {513938FE-0520-4D93-8A1F-1014EF1DE9FA}
		{65FCE695-2E91-4245-86D6-3FB3486AEFAD} = {513938FE-0520-4D93-8A1F-1014EF1DE9FA}
		{7CA86F0A-AB76-4FE8-8E56-AD8ABC56E8B7} = {31A296A1-FB74-4449-9BAA-3E0C73787677}
		{4B283109-31D0-4C29-9420-6FCDF703513E} = {31A296A1-FB74-4449-9BAA-3E0C73787677}
		{788AC26B-484C-4091-A402-2E678D4A8B4A} = {6BC3980F-1058-45C3-AD1F-C0A166F09166}
		{A6E88B44-2280-4C7F-88BB-B5890576899A} = {788AC26B-484C-4091-A402-2E678D4A8B4A}
		{BB80F88F-3D2A-4D85-9A70-ECDFE9CB2178} = {788AC26B-484C-4091-A402-2E678D4A8B4A}
	EndGlobalSection
EndGlobal
