Microsoft Visual Studio Solution File, Format Version 11.00
# Visual Studio 2010
Project("{FAE04EC0-301F-11D3-BF4B-00C04F79EFBC}") = "Model.SL4", "Model.SL\Model.SL4.csproj", "{2FAE104B-C54A-4FBC-B166-9208B30BD4D5}"
EndProject
Project("{FAE04EC0-301F-11D3-BF4B-00C04F79EFBC}") = "HappyHour.SL4", "HappyHour\HappyHour.SL4.csproj", "{EF81CCCA-616B-4AEB-8779-42EDC1BCE165}"
EndProject
Global
	GlobalSection(SolutionConfigurationPlatforms) = preSolution
		Debug|Any CPU = Debug|Any CPU
		Release|Any CPU = Release|Any CPU
	EndGlobalSection
	GlobalSection(ProjectConfigurationPlatforms) = postSolution
		{2FAE104B-C54A-4FBC-B166-9208B30BD4D5}.Debug|Any CPU.ActiveCfg = Debug|Any CPU
		{2FAE104B-C54A-4FBC-B166-9208B30BD4D5}.Debug|Any CPU.Build.0 = Debug|Any CPU
		{2FAE104B-C54A-4FBC-B166-9208B30BD4D5}.Release|Any CPU.ActiveCfg = Release|Any CPU
		{2FAE104B-C54A-4FBC-B166-9208B30BD4D5}.Release|Any CPU.Build.0 = Release|Any CPU
		{EF81CCCA-616B-4AEB-8779-42EDC1BCE165}.Debug|Any CPU.ActiveCfg = Debug|Any CPU
		{EF81CCCA-616B-4AEB-8779-42EDC1BCE165}.Debug|Any CPU.Build.0 = Debug|Any CPU
		{EF81CCCA-616B-4AEB-8779-42EDC1BCE165}.Release|Any CPU.ActiveCfg = Release|Any CPU
		{EF81CCCA-616B-4AEB-8779-42EDC1BCE165}.Release|Any CPU.Build.0 = Release|Any CPU
	EndGlobalSection
	GlobalSection(SolutionProperties) = preSolution
		HideSolutionNode = FALSE
	EndGlobalSection
EndGlobal
