
Microsoft Visual Studio Solution File, Format Version 12.00
# Visual Studio 2012
Project("{FAE04EC0-301F-11D3-BF4B-00C04F79EFBC}") = "TempHire", "TempHire\TempHire.csproj", "{1E7FB7CF-DBFE-4A11-B574-2ED6636CFF7E}"
EndProject
Project("{FAE04EC0-301F-11D3-BF4B-00C04F79EFBC}") = "DomainModel", "DomainModel\DomainModel.csproj", "{58F6DA15-8C8C-4FC0-A277-A6FFCDEDBF24}"
EndProject
Project("{FAE04EC0-301F-11D3-BF4B-00C04F79EFBC}") = "Security", "Security\Security.csproj", "{5DA86954-CB04-4E4B-815D-D1D38B8501B4}"
EndProject
Project("{FAE04EC0-301F-11D3-BF4B-00C04F79EFBC}") = "Common", "Common\Common.csproj", "{106B77CD-EE99-40DD-82CE-2CD5C69A4464}"
EndProject
Project("{FAE04EC0-301F-11D3-BF4B-00C04F79EFBC}") = "Harness", "Harness\Harness.csproj", "{AEE7F04F-20BB-4589-944C-CEDCAE62E4A2}"
EndProject
Project("{FAE04EC0-301F-11D3-BF4B-00C04F79EFBC}") = "DomainServices", "DomainServices\DomainServices.csproj", "{AA010C45-D661-46AC-97E2-7E111ACB99F1}"
EndProject
Project("{2150E333-8FDC-42A3-9474-1A3956D46DE8}") = ".nuget", ".nuget", "{CE18ECC6-89BA-41EA-9341-B0B52FF58AB0}"
	ProjectSection(SolutionItems) = preProject
		.nuget\packages.config = .nuget\packages.config
	EndProjectSection
EndProject
Global
	GlobalSection(SolutionConfigurationPlatforms) = preSolution
		Debug|Any CPU = Debug|Any CPU
		Debug|Mixed Platforms = Debug|Mixed Platforms
		Debug|x86 = Debug|x86
		Fakestore|Any CPU = Fakestore|Any CPU
		Fakestore|Mixed Platforms = Fakestore|Mixed Platforms
		Fakestore|x86 = Fakestore|x86
		Release|Any CPU = Release|Any CPU
		Release|Mixed Platforms = Release|Mixed Platforms
		Release|x86 = Release|x86
	EndGlobalSection
	GlobalSection(ProjectConfigurationPlatforms) = postSolution
		{1E7FB7CF-DBFE-4A11-B574-2ED6636CFF7E}.Debug|Any CPU.ActiveCfg = Debug|x86
		{1E7FB7CF-DBFE-4A11-B574-2ED6636CFF7E}.Debug|Mixed Platforms.ActiveCfg = Debug|x86
		{1E7FB7CF-DBFE-4A11-B574-2ED6636CFF7E}.Debug|Mixed Platforms.Build.0 = Debug|x86
		{1E7FB7CF-DBFE-4A11-B574-2ED6636CFF7E}.Debug|x86.ActiveCfg = Debug|x86
		{1E7FB7CF-DBFE-4A11-B574-2ED6636CFF7E}.Debug|x86.Build.0 = Debug|x86
		{1E7FB7CF-DBFE-4A11-B574-2ED6636CFF7E}.Fakestore|Any CPU.ActiveCfg = Release|x86
		{1E7FB7CF-DBFE-4A11-B574-2ED6636CFF7E}.Fakestore|Mixed Platforms.ActiveCfg = Fakestore|x86
		{1E7FB7CF-DBFE-4A11-B574-2ED6636CFF7E}.Fakestore|Mixed Platforms.Build.0 = Fakestore|x86
		{1E7FB7CF-DBFE-4A11-B574-2ED6636CFF7E}.Fakestore|x86.ActiveCfg = Release|x86
		{1E7FB7CF-DBFE-4A11-B574-2ED6636CFF7E}.Fakestore|x86.Build.0 = Release|x86
		{1E7FB7CF-DBFE-4A11-B574-2ED6636CFF7E}.Release|Any CPU.ActiveCfg = Release|x86
		{1E7FB7CF-DBFE-4A11-B574-2ED6636CFF7E}.Release|Mixed Platforms.ActiveCfg = Release|x86
		{1E7FB7CF-DBFE-4A11-B574-2ED6636CFF7E}.Release|Mixed Platforms.Build.0 = Release|x86
		{1E7FB7CF-DBFE-4A11-B574-2ED6636CFF7E}.Release|x86.ActiveCfg = Release|x86
		{1E7FB7CF-DBFE-4A11-B574-2ED6636CFF7E}.Release|x86.Build.0 = Release|x86
		{58F6DA15-8C8C-4FC0-A277-A6FFCDEDBF24}.Debug|Any CPU.ActiveCfg = Debug|Any CPU
		{58F6DA15-8C8C-4FC0-A277-A6FFCDEDBF24}.Debug|Any CPU.Build.0 = Debug|Any CPU
		{58F6DA15-8C8C-4FC0-A277-A6FFCDEDBF24}.Debug|Mixed Platforms.ActiveCfg = Debug|Any CPU
		{58F6DA15-8C8C-4FC0-A277-A6FFCDEDBF24}.Debug|Mixed Platforms.Build.0 = Debug|Any CPU
		{58F6DA15-8C8C-4FC0-A277-A6FFCDEDBF24}.Debug|x86.ActiveCfg = Debug|Any CPU
		{58F6DA15-8C8C-4FC0-A277-A6FFCDEDBF24}.Fakestore|Any CPU.ActiveCfg = Fakestore|Any CPU
		{58F6DA15-8C8C-4FC0-A277-A6FFCDEDBF24}.Fakestore|Any CPU.Build.0 = Fakestore|Any CPU
		{58F6DA15-8C8C-4FC0-A277-A6FFCDEDBF24}.Fakestore|Mixed Platforms.ActiveCfg = Fakestore|Any CPU
		{58F6DA15-8C8C-4FC0-A277-A6FFCDEDBF24}.Fakestore|Mixed Platforms.Build.0 = Fakestore|Any CPU
		{58F6DA15-8C8C-4FC0-A277-A6FFCDEDBF24}.Fakestore|x86.ActiveCfg = Fakestore|Any CPU
		{58F6DA15-8C8C-4FC0-A277-A6FFCDEDBF24}.Release|Any CPU.ActiveCfg = Release|Any CPU
		{58F6DA15-8C8C-4FC0-A277-A6FFCDEDBF24}.Release|Any CPU.Build.0 = Release|Any CPU
		{58F6DA15-8C8C-4FC0-A277-A6FFCDEDBF24}.Release|Mixed Platforms.ActiveCfg = Release|Any CPU
		{58F6DA15-8C8C-4FC0-A277-A6FFCDEDBF24}.Release|Mixed Platforms.Build.0 = Release|Any CPU
		{58F6DA15-8C8C-4FC0-A277-A6FFCDEDBF24}.Release|x86.ActiveCfg = Release|Any CPU
		{5DA86954-CB04-4E4B-815D-D1D38B8501B4}.Debug|Any CPU.ActiveCfg = Debug|Any CPU
		{5DA86954-CB04-4E4B-815D-D1D38B8501B4}.Debug|Any CPU.Build.0 = Debug|Any CPU
		{5DA86954-CB04-4E4B-815D-D1D38B8501B4}.Debug|Mixed Platforms.ActiveCfg = Debug|Any CPU
		{5DA86954-CB04-4E4B-815D-D1D38B8501B4}.Debug|Mixed Platforms.Build.0 = Debug|Any CPU
		{5DA86954-CB04-4E4B-815D-D1D38B8501B4}.Debug|x86.ActiveCfg = Debug|Any CPU
		{5DA86954-CB04-4E4B-815D-D1D38B8501B4}.Fakestore|Any CPU.ActiveCfg = Fakestore|Any CPU
		{5DA86954-CB04-4E4B-815D-D1D38B8501B4}.Fakestore|Any CPU.Build.0 = Fakestore|Any CPU
		{5DA86954-CB04-4E4B-815D-D1D38B8501B4}.Fakestore|Mixed Platforms.ActiveCfg = Fakestore|Any CPU
		{5DA86954-CB04-4E4B-815D-D1D38B8501B4}.Fakestore|Mixed Platforms.Build.0 = Fakestore|Any CPU
		{5DA86954-CB04-4E4B-815D-D1D38B8501B4}.Fakestore|x86.ActiveCfg = Fakestore|Any CPU
		{5DA86954-CB04-4E4B-815D-D1D38B8501B4}.Release|Any CPU.ActiveCfg = Release|Any CPU
		{5DA86954-CB04-4E4B-815D-D1D38B8501B4}.Release|Any CPU.Build.0 = Release|Any CPU
		{5DA86954-CB04-4E4B-815D-D1D38B8501B4}.Release|Mixed Platforms.ActiveCfg = Release|Any CPU
		{5DA86954-CB04-4E4B-815D-D1D38B8501B4}.Release|Mixed Platforms.Build.0 = Release|Any CPU
		{5DA86954-CB04-4E4B-815D-D1D38B8501B4}.Release|x86.ActiveCfg = Release|Any CPU
		{106B77CD-EE99-40DD-82CE-2CD5C69A4464}.Debug|Any CPU.ActiveCfg = Debug|Any CPU
		{106B77CD-EE99-40DD-82CE-2CD5C69A4464}.Debug|Any CPU.Build.0 = Debug|Any CPU
		{106B77CD-EE99-40DD-82CE-2CD5C69A4464}.Debug|Mixed Platforms.ActiveCfg = Debug|Any CPU
		{106B77CD-EE99-40DD-82CE-2CD5C69A4464}.Debug|Mixed Platforms.Build.0 = Debug|Any CPU
		{106B77CD-EE99-40DD-82CE-2CD5C69A4464}.Debug|x86.ActiveCfg = Debug|Any CPU
		{106B77CD-EE99-40DD-82CE-2CD5C69A4464}.Fakestore|Any CPU.ActiveCfg = Release|Any CPU
		{106B77CD-EE99-40DD-82CE-2CD5C69A4464}.Fakestore|Any CPU.Build.0 = Release|Any CPU
		{106B77CD-EE99-40DD-82CE-2CD5C69A4464}.Fakestore|Mixed Platforms.ActiveCfg = Fakestore|Any CPU
		{106B77CD-EE99-40DD-82CE-2CD5C69A4464}.Fakestore|Mixed Platforms.Build.0 = Fakestore|Any CPU
		{106B77CD-EE99-40DD-82CE-2CD5C69A4464}.Fakestore|x86.ActiveCfg = Release|Any CPU
		{106B77CD-EE99-40DD-82CE-2CD5C69A4464}.Release|Any CPU.ActiveCfg = Release|Any CPU
		{106B77CD-EE99-40DD-82CE-2CD5C69A4464}.Release|Any CPU.Build.0 = Release|Any CPU
		{106B77CD-EE99-40DD-82CE-2CD5C69A4464}.Release|Mixed Platforms.ActiveCfg = Release|Any CPU
		{106B77CD-EE99-40DD-82CE-2CD5C69A4464}.Release|Mixed Platforms.Build.0 = Release|Any CPU
		{106B77CD-EE99-40DD-82CE-2CD5C69A4464}.Release|x86.ActiveCfg = Release|Any CPU
		{AEE7F04F-20BB-4589-944C-CEDCAE62E4A2}.Debug|Any CPU.ActiveCfg = Debug|x86
		{AEE7F04F-20BB-4589-944C-CEDCAE62E4A2}.Debug|Mixed Platforms.ActiveCfg = Debug|x86
		{AEE7F04F-20BB-4589-944C-CEDCAE62E4A2}.Debug|Mixed Platforms.Build.0 = Debug|x86
		{AEE7F04F-20BB-4589-944C-CEDCAE62E4A2}.Debug|x86.ActiveCfg = Debug|x86
		{AEE7F04F-20BB-4589-944C-CEDCAE62E4A2}.Debug|x86.Build.0 = Debug|x86
		{AEE7F04F-20BB-4589-944C-CEDCAE62E4A2}.Fakestore|Any CPU.ActiveCfg = Release|x86
		{AEE7F04F-20BB-4589-944C-CEDCAE62E4A2}.Fakestore|Mixed Platforms.ActiveCfg = Fakestore|x86
		{AEE7F04F-20BB-4589-944C-CEDCAE62E4A2}.Fakestore|Mixed Platforms.Build.0 = Fakestore|x86
		{AEE7F04F-20BB-4589-944C-CEDCAE62E4A2}.Fakestore|x86.ActiveCfg = Release|x86
		{AEE7F04F-20BB-4589-944C-CEDCAE62E4A2}.Fakestore|x86.Build.0 = Release|x86
		{AEE7F04F-20BB-4589-944C-CEDCAE62E4A2}.Release|Any CPU.ActiveCfg = Release|x86
		{AEE7F04F-20BB-4589-944C-CEDCAE62E4A2}.Release|Mixed Platforms.ActiveCfg = Release|x86
		{AEE7F04F-20BB-4589-944C-CEDCAE62E4A2}.Release|Mixed Platforms.Build.0 = Release|x86
		{AEE7F04F-20BB-4589-944C-CEDCAE62E4A2}.Release|x86.ActiveCfg = Release|x86
		{AEE7F04F-20BB-4589-944C-CEDCAE62E4A2}.Release|x86.Build.0 = Release|x86
		{AA010C45-D661-46AC-97E2-7E111ACB99F1}.Debug|Any CPU.ActiveCfg = Debug|Any CPU
		{AA010C45-D661-46AC-97E2-7E111ACB99F1}.Debug|Any CPU.Build.0 = Debug|Any CPU
		{AA010C45-D661-46AC-97E2-7E111ACB99F1}.Debug|Mixed Platforms.ActiveCfg = Debug|Any CPU
		{AA010C45-D661-46AC-97E2-7E111ACB99F1}.Debug|Mixed Platforms.Build.0 = Debug|Any CPU
		{AA010C45-D661-46AC-97E2-7E111ACB99F1}.Debug|x86.ActiveCfg = Debug|Any CPU
		{AA010C45-D661-46AC-97E2-7E111ACB99F1}.Fakestore|Any CPU.ActiveCfg = Release|Any CPU
		{AA010C45-D661-46AC-97E2-7E111ACB99F1}.Fakestore|Any CPU.Build.0 = Release|Any CPU
		{AA010C45-D661-46AC-97E2-7E111ACB99F1}.Fakestore|Mixed Platforms.ActiveCfg = Fakestore|Any CPU
		{AA010C45-D661-46AC-97E2-7E111ACB99F1}.Fakestore|Mixed Platforms.Build.0 = Fakestore|Any CPU
		{AA010C45-D661-46AC-97E2-7E111ACB99F1}.Fakestore|x86.ActiveCfg = Release|Any CPU
		{AA010C45-D661-46AC-97E2-7E111ACB99F1}.Release|Any CPU.ActiveCfg = Release|Any CPU
		{AA010C45-D661-46AC-97E2-7E111ACB99F1}.Release|Any CPU.Build.0 = Release|Any CPU
		{AA010C45-D661-46AC-97E2-7E111ACB99F1}.Release|Mixed Platforms.ActiveCfg = Release|Any CPU
		{AA010C45-D661-46AC-97E2-7E111ACB99F1}.Release|Mixed Platforms.Build.0 = Release|Any CPU
		{AA010C45-D661-46AC-97E2-7E111ACB99F1}.Release|x86.ActiveCfg = Release|Any CPU
	EndGlobalSection
	GlobalSection(SolutionProperties) = preSolution
		HideSolutionNode = FALSE
	EndGlobalSection
EndGlobal
