
Microsoft Visual Studio Solution File, Format Version 11.00
# Visual Studio 2010
Project("{FAE04EC0-301F-11D3-BF4B-00C04F79EFBC}") = "SimplePopup", "SimplePopup\SimplePopup.csproj", "{9AF08831-7192-4910-984D-EDA47068E7EF}"
EndProject
Project("{2150E333-8FDC-42A3-9474-1A3956D46DE8}") = "Supporting Projects", "Supporting Projects", "{92B3A2DA-6937-4E97-A21B-8234AC8C1784}"
EndProject
Project("{FAE04EC0-301F-11D3-BF4B-00C04F79EFBC}") = "Cocktail.Desktop", "..\..\Cocktail\Cocktail.Desktop.csproj", "{10F63FBB-FB0D-4B76-9E3F-5979D19CB01F}"
EndProject
Global
	GlobalSection(SolutionConfigurationPlatforms) = preSolution
		Debug|Any CPU = Debug|Any CPU
		Debug|Mixed Platforms = Debug|Mixed Platforms
		Debug|x86 = Debug|x86
		Release|Any CPU = Release|Any CPU
		Release|Mixed Platforms = Release|Mixed Platforms
		Release|x86 = Release|x86
	EndGlobalSection
	GlobalSection(ProjectConfigurationPlatforms) = postSolution
		{9AF08831-7192-4910-984D-EDA47068E7EF}.Debug|Any CPU.ActiveCfg = Debug|x86
		{9AF08831-7192-4910-984D-EDA47068E7EF}.Debug|Mixed Platforms.ActiveCfg = Debug|x86
		{9AF08831-7192-4910-984D-EDA47068E7EF}.Debug|Mixed Platforms.Build.0 = Debug|x86
		{9AF08831-7192-4910-984D-EDA47068E7EF}.Debug|x86.ActiveCfg = Debug|x86
		{9AF08831-7192-4910-984D-EDA47068E7EF}.Debug|x86.Build.0 = Debug|x86
		{9AF08831-7192-4910-984D-EDA47068E7EF}.Release|Any CPU.ActiveCfg = Release|x86
		{9AF08831-7192-4910-984D-EDA47068E7EF}.Release|Mixed Platforms.ActiveCfg = Release|x86
		{9AF08831-7192-4910-984D-EDA47068E7EF}.Release|Mixed Platforms.Build.0 = Release|x86
		{9AF08831-7192-4910-984D-EDA47068E7EF}.Release|x86.ActiveCfg = Release|x86
		{9AF08831-7192-4910-984D-EDA47068E7EF}.Release|x86.Build.0 = Release|x86
		{10F63FBB-FB0D-4B76-9E3F-5979D19CB01F}.Debug|Any CPU.ActiveCfg = Debug|Any CPU
		{10F63FBB-FB0D-4B76-9E3F-5979D19CB01F}.Debug|Any CPU.Build.0 = Debug|Any CPU
		{10F63FBB-FB0D-4B76-9E3F-5979D19CB01F}.Debug|Mixed Platforms.ActiveCfg = Debug|Any CPU
		{10F63FBB-FB0D-4B76-9E3F-5979D19CB01F}.Debug|Mixed Platforms.Build.0 = Debug|Any CPU
		{10F63FBB-FB0D-4B76-9E3F-5979D19CB01F}.Debug|x86.ActiveCfg = Debug|Any CPU
		{10F63FBB-FB0D-4B76-9E3F-5979D19CB01F}.Release|Any CPU.ActiveCfg = Release|Any CPU
		{10F63FBB-FB0D-4B76-9E3F-5979D19CB01F}.Release|Any CPU.Build.0 = Release|Any CPU
		{10F63FBB-FB0D-4B76-9E3F-5979D19CB01F}.Release|Mixed Platforms.ActiveCfg = Release|Any CPU
		{10F63FBB-FB0D-4B76-9E3F-5979D19CB01F}.Release|Mixed Platforms.Build.0 = Release|Any CPU
		{10F63FBB-FB0D-4B76-9E3F-5979D19CB01F}.Release|x86.ActiveCfg = Release|Any CPU
	EndGlobalSection
	GlobalSection(SolutionProperties) = preSolution
		HideSolutionNode = FALSE
	EndGlobalSection
	GlobalSection(NestedProjects) = preSolution
		{10F63FBB-FB0D-4B76-9E3F-5979D19CB01F} = {92B3A2DA-6937-4E97-A21B-8234AC8C1784}
	EndGlobalSection
EndGlobal
